
Microsoft Visual Studio Solution File, Format Version 12.00
# Visual Studio Version 17
VisualStudioVersion = 17.0.31903.59
MinimumVisualStudioVersion = 10.0.40219.1
Project("{2150E333-8FDC-42A3-9474-1A3956D46DE8}") = "Day", "Day", "{979B4DE0-CC49-4748-8865-00764EA8DB82}"
EndProject
Project("{2150E333-8FDC-42A3-9474-1A3956D46DE8}") = "01", "01", "{4783BF76-B395-498B-AD02-01B48D212B4F}"
EndProject
Project("{FAE04EC0-301F-11D3-BF4B-00C04F79EFBC}") = "Day1", "Day\01\src\Day1.csproj", "{F155E512-2790-44D1-86F8-DBB8D6E357A9}"
EndProject
Global
	GlobalSection(SolutionConfigurationPlatforms) = preSolution
		Debug|Any CPU = Debug|Any CPU
		Release|Any CPU = Release|Any CPU
	EndGlobalSection
	GlobalSection(SolutionProperties) = preSolution
		HideSolutionNode = FALSE
	EndGlobalSection
	GlobalSection(ProjectConfigurationPlatforms) = postSolution
		{F155E512-2790-44D1-86F8-DBB8D6E357A9}.Debug|Any CPU.ActiveCfg = Debug|Any CPU
		{F155E512-2790-44D1-86F8-DBB8D6E357A9}.Debug|Any CPU.Build.0 = Debug|Any CPU
		{F155E512-2790-44D1-86F8-DBB8D6E357A9}.Release|Any CPU.ActiveCfg = Release|Any CPU
		{F155E512-2790-44D1-86F8-DBB8D6E357A9}.Release|Any CPU.Build.0 = Release|Any CPU
	EndGlobalSection
	GlobalSection(NestedProjects) = preSolution
		{4783BF76-B395-498B-AD02-01B48D212B4F} = {979B4DE0-CC49-4748-8865-00764EA8DB82}
		{F155E512-2790-44D1-86F8-DBB8D6E357A9} = {4783BF76-B395-498B-AD02-01B48D212B4F}
	EndGlobalSection
EndGlobal
